// !$*UTF8*$!
{
	archiveVersion = 1;
	classes = {
	};
	objectVersion = 56;
	objects = {

/* Begin PBXBuildFile section */
		D00CD4AC2D5143B700ECBBFA /* LastResetManager.swift in Sources */ = {isa = PBXBuildFile; fileRef = D00CD4AB2D5143B700ECBBFA /* LastResetManager.swift */; };
		D018E0682D55303700D9BCC5 /* SupabaseClient.swift in Sources */ = {isa = PBXBuildFile; fileRef = D018E0672D55303700D9BCC5 /* SupabaseClient.swift */; };
		D018E06A2D55311100D9BCC5 /* SupabaseManager.swift in Sources */ = {isa = PBXBuildFile; fileRef = D018E0692D55311100D9BCC5 /* SupabaseManager.swift */; };
		D025B8722D501420002F33BC /* _6_AppApp.swift in Sources */ = {isa = PBXBuildFile; fileRef = D025B8712D501420002F33BC /* _6_AppApp.swift */; };
		D025B8742D501420002F33BC /* ContentView.swift in Sources */ = {isa = PBXBuildFile; fileRef = D025B8732D501420002F33BC /* ContentView.swift */; };
		D025B8762D501422002F33BC /* Assets.xcassets in Resources */ = {isa = PBXBuildFile; fileRef = D025B8752D501422002F33BC /* Assets.xcassets */; };
		D025B8822D501554002F33BC /* Auth in Frameworks */ = {isa = PBXBuildFile; productRef = D025B8812D501554002F33BC /* Auth */; };
		D025B8842D501554002F33BC /* Functions in Frameworks */ = {isa = PBXBuildFile; productRef = D025B8832D501554002F33BC /* Functions */; };
		D025B8862D501554002F33BC /* PostgREST in Frameworks */ = {isa = PBXBuildFile; productRef = D025B8852D501554002F33BC /* PostgREST */; };
		D025B8882D501554002F33BC /* Realtime in Frameworks */ = {isa = PBXBuildFile; productRef = D025B8872D501554002F33BC /* Realtime */; };
		D025B88A2D501554002F33BC /* Storage in Frameworks */ = {isa = PBXBuildFile; productRef = D025B8892D501554002F33BC /* Storage */; };
		D025B88C2D501554002F33BC /* Supabase in Frameworks */ = {isa = PBXBuildFile; productRef = D025B88B2D501554002F33BC /* Supabase */; };
		D025B8942D50168C002F33BC /* AuthManager.swift in Sources */ = {isa = PBXBuildFile; fileRef = D025B88E2D50168C002F33BC /* AuthManager.swift */; };
		D025B8952D50168C002F33BC /* LoginView.swift in Sources */ = {isa = PBXBuildFile; fileRef = D025B88F2D50168C002F33BC /* LoginView.swift */; };
		D025B8962D50168C002F33BC /* Preview Assets.xcassets in Resources */ = {isa = PBXBuildFile; fileRef = D025B8902D50168C002F33BC /* Preview Assets.xcassets */; };
		D025B89A2D501AEA002F33BC /* GoTrue in Frameworks */ = {isa = PBXBuildFile; productRef = D025B8992D501AEA002F33BC /* GoTrue */; };
		D025B89C2D501F4E002F33BC /* HabitService.swift in Sources */ = {isa = PBXBuildFile; fileRef = D025B89B2D501F4E002F33BC /* HabitService.swift */; };
		D025B89E2D5041DD002F33BC /* ProgressRingView.swift in Sources */ = {isa = PBXBuildFile; fileRef = D025B89D2D5041DD002F33BC /* ProgressRingView.swift */; };
		D025B8A02D504957002F33BC /* CompletionHistory.swift in Sources */ = {isa = PBXBuildFile; fileRef = D025B89F2D504957002F33BC /* CompletionHistory.swift */; };
		D025B8A32D504D50002F33BC /* HistoryView.swift in Sources */ = {isa = PBXBuildFile; fileRef = D025B8A12D504D4F002F33BC /* HistoryView.swift */; };
		D025B8A42D504D50002F33BC /* HabitsView.swift in Sources */ = {isa = PBXBuildFile; fileRef = D025B8A22D504D4F002F33BC /* HabitsView.swift */; };
		D025B8A62D504D59002F33BC /* SettingsView.swift in Sources */ = {isa = PBXBuildFile; fileRef = D025B8A52D504D59002F33BC /* SettingsView.swift */; };
		D025B8A82D505123002F33BC /* CalendarView.swift in Sources */ = {isa = PBXBuildFile; fileRef = D025B8A72D505123002F33BC /* CalendarView.swift */; };
/* End PBXBuildFile section */

/* Begin PBXFileReference section */
		D00CD4AB2D5143B700ECBBFA /* LastResetManager.swift */ = {isa = PBXFileReference; fileEncoding = 4; lastKnownFileType = sourcecode.swift; path = LastResetManager.swift; sourceTree = "<group>"; };
		D018E0672D55303700D9BCC5 /* SupabaseClient.swift */ = {isa = PBXFileReference; fileEncoding = 4; lastKnownFileType = sourcecode.swift; name = SupabaseClient.swift; path = ../../../.Trash/SupabaseClient.swift; sourceTree = "<group>"; };
		D018E0692D55311100D9BCC5 /* SupabaseManager.swift */ = {isa = PBXFileReference; fileEncoding = 4; lastKnownFileType = sourcecode.swift; path = SupabaseManager.swift; sourceTree = "<group>"; };
		D025B86E2D501420002F33BC /* 66 App.app */ = {isa = PBXFileReference; explicitFileType = wrapper.application; includeInIndex = 0; path = "66 App.app"; sourceTree = BUILT_PRODUCTS_DIR; };
		D025B8712D501420002F33BC /* _6_AppApp.swift */ = {isa = PBXFileReference; lastKnownFileType = sourcecode.swift; path = _6_AppApp.swift; sourceTree = "<group>"; };
		D025B8732D501420002F33BC /* ContentView.swift */ = {isa = PBXFileReference; lastKnownFileType = sourcecode.swift; path = ContentView.swift; sourceTree = "<group>"; };
		D025B8752D501422002F33BC /* Assets.xcassets */ = {isa = PBXFileReference; lastKnownFileType = folder.assetcatalog; path = Assets.xcassets; sourceTree = "<group>"; };
		D025B8772D501422002F33BC /* _6_App.entitlements */ = {isa = PBXFileReference; lastKnownFileType = text.plist.entitlements; path = _6_App.entitlements; sourceTree = "<group>"; };
		D025B8792D501422002F33BC /* Preview Assets.xcassets */ = {isa = PBXFileReference; lastKnownFileType = folder.assetcatalog; path = "Preview Assets.xcassets"; sourceTree = "<group>"; };
		D025B88E2D50168C002F33BC /* AuthManager.swift */ = {isa = PBXFileReference; fileEncoding = 4; lastKnownFileType = sourcecode.swift; path = AuthManager.swift; sourceTree = "<group>"; };
		D025B88F2D50168C002F33BC /* LoginView.swift */ = {isa = PBXFileReference; fileEncoding = 4; lastKnownFileType = sourcecode.swift; path = LoginView.swift; sourceTree = "<group>"; };
		D025B8902D50168C002F33BC /* Preview Assets.xcassets */ = {isa = PBXFileReference; lastKnownFileType = folder.assetcatalog; path = "Preview Assets.xcassets"; sourceTree = "<group>"; };
		D025B8922D50168C002F33BC /* Assets.xcassets */ = {isa = PBXFileReference; lastKnownFileType = folder.assetcatalog; path = Assets.xcassets; sourceTree = "<group>"; };
		D025B89B2D501F4E002F33BC /* HabitService.swift */ = {isa = PBXFileReference; fileEncoding = 4; lastKnownFileType = sourcecode.swift; path = HabitService.swift; sourceTree = "<group>"; };
		D025B89D2D5041DD002F33BC /* ProgressRingView.swift */ = {isa = PBXFileReference; fileEncoding = 4; lastKnownFileType = sourcecode.swift; path = ProgressRingView.swift; sourceTree = "<group>"; };
		D025B89F2D504957002F33BC /* CompletionHistory.swift */ = {isa = PBXFileReference; fileEncoding = 4; lastKnownFileType = sourcecode.swift; path = CompletionHistory.swift; sourceTree = "<group>"; };
		D025B8A12D504D4F002F33BC /* HistoryView.swift */ = {isa = PBXFileReference; fileEncoding = 4; lastKnownFileType = sourcecode.swift; path = HistoryView.swift; sourceTree = "<group>"; };
		D025B8A22D504D4F002F33BC /* HabitsView.swift */ = {isa = PBXFileReference; fileEncoding = 4; lastKnownFileType = sourcecode.swift; path = HabitsView.swift; sourceTree = "<group>"; };
		D025B8A52D504D59002F33BC /* SettingsView.swift */ = {isa = PBXFileReference; fileEncoding = 4; lastKnownFileType = sourcecode.swift; path = SettingsView.swift; sourceTree = "<group>"; };
		D025B8A72D505123002F33BC /* CalendarView.swift */ = {isa = PBXFileReference; fileEncoding = 4; lastKnownFileType = sourcecode.swift; path = CalendarView.swift; sourceTree = "<group>"; };
/* End PBXFileReference section */

/* Begin PBXFrameworksBuildPhase section */
		D025B86B2D501420002F33BC /* Frameworks */ = {
			isa = PBXFrameworksBuildPhase;
			buildActionMask = 2147483647;
			files = (
				D025B8862D501554002F33BC /* PostgREST in Frameworks */,
				D025B8842D501554002F33BC /* Functions in Frameworks */,
				D025B88C2D501554002F33BC /* Supabase in Frameworks */,
				D025B8822D501554002F33BC /* Auth in Frameworks */,
				D025B88A2D501554002F33BC /* Storage in Frameworks */,
				D025B8882D501554002F33BC /* Realtime in Frameworks */,
				D025B89A2D501AEA002F33BC /* GoTrue in Frameworks */,
			);
			runOnlyForDeploymentPostprocessing = 0;
		};
/* End PBXFrameworksBuildPhase section */

/* Begin PBXGroup section */
		D025B8652D501420002F33BC = {
			isa = PBXGroup;
			children = (
				D025B8702D501420002F33BC /* 66 App */,
				D025B86F2D501420002F33BC /* Products */,
			);
			sourceTree = "<group>";
		};
		D025B86F2D501420002F33BC /* Products */ = {
			isa = PBXGroup;
			children = (
				D025B86E2D501420002F33BC /* 66 App.app */,
			);
			name = Products;
			sourceTree = "<group>";
		};
		D025B8702D501420002F33BC /* 66 App */ = {
			isa = PBXGroup;
			children = (
				D018E0692D55311100D9BCC5 /* SupabaseManager.swift */,
				D00CD4AB2D5143B700ECBBFA /* LastResetManager.swift */,
				D025B8A72D505123002F33BC /* CalendarView.swift */,
				D025B8A52D504D59002F33BC /* SettingsView.swift */,
				D025B8A22D504D4F002F33BC /* HabitsView.swift */,
				D025B89F2D504957002F33BC /* CompletionHistory.swift */,
				D025B89D2D5041DD002F33BC /* ProgressRingView.swift */,
				D025B89B2D501F4E002F33BC /* HabitService.swift */,
				D025B8A12D504D4F002F33BC /* HistoryView.swift */,
				D025B8922D50168C002F33BC /* Assets.xcassets */,
				D025B88E2D50168C002F33BC /* AuthManager.swift */,
				D025B88F2D50168C002F33BC /* LoginView.swift */,
				D025B8912D50168C002F33BC /* Preview Content */,
				D025B8712D501420002F33BC /* _6_AppApp.swift */,
				D018E0672D55303700D9BCC5 /* SupabaseClient.swift */,
				D025B8732D501420002F33BC /* ContentView.swift */,
				D025B8752D501422002F33BC /* Assets.xcassets */,
				D025B8772D501422002F33BC /* _6_App.entitlements */,
				D025B8782D501422002F33BC /* Preview Content */,
			);
			path = "66 App";
			sourceTree = "<group>";
		};
		D025B8782D501422002F33BC /* Preview Content */ = {
			isa = PBXGroup;
			children = (
				D025B8792D501422002F33BC /* Preview Assets.xcassets */,
			);
			path = "Preview Content";
			sourceTree = "<group>";
		};
		D025B8912D50168C002F33BC /* Preview Content */ = {
			isa = PBXGroup;
			children = (
				D025B8902D50168C002F33BC /* Preview Assets.xcassets */,
			);
			path = "Preview Content";
			sourceTree = "<group>";
		};
/* End PBXGroup section */

/* Begin PBXNativeTarget section */
		D025B86D2D501420002F33BC /* 66 App */ = {
			isa = PBXNativeTarget;
			buildConfigurationList = D025B87D2D501422002F33BC /* Build configuration list for PBXNativeTarget "66 App" */;
			buildPhases = (
				D025B86A2D501420002F33BC /* Sources */,
				D025B86B2D501420002F33BC /* Frameworks */,
				D025B86C2D501420002F33BC /* Resources */,
			);
			buildRules = (
			);
			dependencies = (
			);
			name = "66 App";
			packageProductDependencies = (
				D025B8812D501554002F33BC /* Auth */,
				D025B8832D501554002F33BC /* Functions */,
				D025B8852D501554002F33BC /* PostgREST */,
				D025B8872D501554002F33BC /* Realtime */,
				D025B8892D501554002F33BC /* Storage */,
				D025B88B2D501554002F33BC /* Supabase */,
				D025B8992D501AEA002F33BC /* GoTrue */,
			);
			productName = "66 App";
			productReference = D025B86E2D501420002F33BC /* 66 App.app */;
			productType = "com.apple.product-type.application";
		};
/* End PBXNativeTarget section */

/* Begin PBXProject section */
		D025B8662D501420002F33BC /* Project object */ = {
			isa = PBXProject;
			attributes = {
				BuildIndependentTargetsInParallel = 1;
				LastSwiftUpdateCheck = 1540;
				LastUpgradeCheck = 1540;
				TargetAttributes = {
					D025B86D2D501420002F33BC = {
						CreatedOnToolsVersion = 15.4;
					};
				};
			};
			buildConfigurationList = D025B8692D501420002F33BC /* Build configuration list for PBXProject "66 App" */;
			compatibilityVersion = "Xcode 14.0";
			developmentRegion = en;
			hasScannedForEncodings = 0;
			knownRegions = (
				en,
				Base,
			);
			mainGroup = D025B8652D501420002F33BC;
			packageReferences = (
				D025B8802D501554002F33BC /* XCRemoteSwiftPackageReference "supabase-swift" */,
				D025B8982D501AEA002F33BC /* XCRemoteSwiftPackageReference "gotrue-swift" */,
			);
			productRefGroup = D025B86F2D501420002F33BC /* Products */;
			projectDirPath = "";
			projectRoot = "";
			targets = (
				D025B86D2D501420002F33BC /* 66 App */,
			);
		};
/* End PBXProject section */

/* Begin PBXResourcesBuildPhase section */
		D025B86C2D501420002F33BC /* Resources */ = {
			isa = PBXResourcesBuildPhase;
			buildActionMask = 2147483647;
			files = (
				D025B8962D50168C002F33BC /* Preview Assets.xcassets in Resources */,
				D025B8762D501422002F33BC /* Assets.xcassets in Resources */,
			);
			runOnlyForDeploymentPostprocessing = 0;
		};
/* End PBXResourcesBuildPhase section */

/* Begin PBXSourcesBuildPhase section */
		D025B86A2D501420002F33BC /* Sources */ = {
			isa = PBXSourcesBuildPhase;
			buildActionMask = 2147483647;
			files = (
				D025B89E2D5041DD002F33BC /* ProgressRingView.swift in Sources */,
				D025B8742D501420002F33BC /* ContentView.swift in Sources */,
				D025B8A82D505123002F33BC /* CalendarView.swift in Sources */,
				D025B8942D50168C002F33BC /* AuthManager.swift in Sources */,
				D025B8A42D504D50002F33BC /* HabitsView.swift in Sources */,
				D025B89C2D501F4E002F33BC /* HabitService.swift in Sources */,
				D025B8952D50168C002F33BC /* LoginView.swift in Sources */,
				D025B8A02D504957002F33BC /* CompletionHistory.swift in Sources */,
				D00CD4AC2D5143B700ECBBFA /* LastResetManager.swift in Sources */,
				D025B8A32D504D50002F33BC /* HistoryView.swift in Sources */,
				D025B8722D501420002F33BC /* _6_AppApp.swift in Sources */,
				D018E0682D55303700D9BCC5 /* SupabaseClient.swift in Sources */,
				D025B8A62D504D59002F33BC /* SettingsView.swift in Sources */,
				D018E06A2D55311100D9BCC5 /* SupabaseManager.swift in Sources */,
			);
			runOnlyForDeploymentPostprocessing = 0;
		};
/* End PBXSourcesBuildPhase section */

/* Begin XCBuildConfiguration section */
		D025B87B2D501422002F33BC /* Debug */ = {
			isa = XCBuildConfiguration;
			buildSettings = {
				ALWAYS_SEARCH_USER_PATHS = NO;
				ASSETCATALOG_COMPILER_GENERATE_SWIFT_ASSET_SYMBOL_EXTENSIONS = YES;
				CLANG_ANALYZER_NONNULL = YES;
				CLANG_ANALYZER_NUMBER_OBJECT_CONVERSION = YES_AGGRESSIVE;
				CLANG_CXX_LANGUAGE_STANDARD = "gnu++20";
				CLANG_ENABLE_MODULES = YES;
				CLANG_ENABLE_OBJC_ARC = YES;
				CLANG_ENABLE_OBJC_WEAK = YES;
				CLANG_WARN_BLOCK_CAPTURE_AUTORELEASING = YES;
				CLANG_WARN_BOOL_CONVERSION = YES;
				CLANG_WARN_COMMA = YES;
				CLANG_WARN_CONSTANT_CONVERSION = YES;
				CLANG_WARN_DEPRECATED_OBJC_IMPLEMENTATIONS = YES;
				CLANG_WARN_DIRECT_OBJC_ISA_USAGE = YES_ERROR;
				CLANG_WARN_DOCUMENTATION_COMMENTS = YES;
				CLANG_WARN_EMPTY_BODY = YES;
				CLANG_WARN_ENUM_CONVERSION = YES;
				CLANG_WARN_INFINITE_RECURSION = YES;
				CLANG_WARN_INT_CONVERSION = YES;
				CLANG_WARN_NON_LITERAL_NULL_CONVERSION = YES;
				CLANG_WARN_OBJC_IMPLICIT_RETAIN_SELF = YES;
				CLANG_WARN_OBJC_LITERAL_CONVERSION = YES;
				CLANG_WARN_OBJC_ROOT_CLASS = YES_ERROR;
				CLANG_WARN_QUOTED_INCLUDE_IN_FRAMEWORK_HEADER = YES;
				CLANG_WARN_RANGE_LOOP_ANALYSIS = YES;
				CLANG_WARN_STRICT_PROTOTYPES = YES;
				CLANG_WARN_SUSPICIOUS_MOVE = YES;
				CLANG_WARN_UNGUARDED_AVAILABILITY = YES_AGGRESSIVE;
				CLANG_WARN_UNREACHABLE_CODE = YES;
				CLANG_WARN__DUPLICATE_METHOD_MATCH = YES;
				COPY_PHASE_STRIP = NO;
				DEBUG_INFORMATION_FORMAT = dwarf;
				ENABLE_STRICT_OBJC_MSGSEND = YES;
				ENABLE_TESTABILITY = YES;
				ENABLE_USER_SCRIPT_SANDBOXING = YES;
				GCC_C_LANGUAGE_STANDARD = gnu17;
				GCC_DYNAMIC_NO_PIC = NO;
				GCC_NO_COMMON_BLOCKS = YES;
				GCC_OPTIMIZATION_LEVEL = 0;
				GCC_PREPROCESSOR_DEFINITIONS = (
					"DEBUG=1",
					"$(inherited)",
				);
				GCC_WARN_64_TO_32_BIT_CONVERSION = YES;
				GCC_WARN_ABOUT_RETURN_TYPE = YES_ERROR;
				GCC_WARN_UNDECLARED_SELECTOR = YES;
				GCC_WARN_UNINITIALIZED_AUTOS = YES_AGGRESSIVE;
				GCC_WARN_UNUSED_FUNCTION = YES;
				GCC_WARN_UNUSED_VARIABLE = YES;
				LOCALIZATION_PREFERS_STRING_CATALOGS = YES;
				MTL_ENABLE_DEBUG_INFO = INCLUDE_SOURCE;
				MTL_FAST_MATH = YES;
				ONLY_ACTIVE_ARCH = YES;
				SWIFT_ACTIVE_COMPILATION_CONDITIONS = "DEBUG $(inherited)";
				SWIFT_OPTIMIZATION_LEVEL = "-Onone";
			};
			name = Debug;
		};
		D025B87C2D501422002F33BC /* Release */ = {
			isa = XCBuildConfiguration;
			buildSettings = {
				ALWAYS_SEARCH_USER_PATHS = NO;
				ASSETCATALOG_COMPILER_GENERATE_SWIFT_ASSET_SYMBOL_EXTENSIONS = YES;
				CLANG_ANALYZER_NONNULL = YES;
				CLANG_ANALYZER_NUMBER_OBJECT_CONVERSION = YES_AGGRESSIVE;
				CLANG_CXX_LANGUAGE_STANDARD = "gnu++20";
				CLANG_ENABLE_MODULES = YES;
				CLANG_ENABLE_OBJC_ARC = YES;
				CLANG_ENABLE_OBJC_WEAK = YES;
				CLANG_WARN_BLOCK_CAPTURE_AUTORELEASING = YES;
				CLANG_WARN_BOOL_CONVERSION = YES;
				CLANG_WARN_COMMA = YES;
				CLANG_WARN_CONSTANT_CONVERSION = YES;
				CLANG_WARN_DEPRECATED_OBJC_IMPLEMENTATIONS = YES;
				CLANG_WARN_DIRECT_OBJC_ISA_USAGE = YES_ERROR;
				CLANG_WARN_DOCUMENTATION_COMMENTS = YES;
				CLANG_WARN_EMPTY_BODY = YES;
				CLANG_WARN_ENUM_CONVERSION = YES;
				CLANG_WARN_INFINITE_RECURSION = YES;
				CLANG_WARN_INT_CONVERSION = YES;
				CLANG_WARN_NON_LITERAL_NULL_CONVERSION = YES;
				CLANG_WARN_OBJC_IMPLICIT_RETAIN_SELF = YES;
				CLANG_WARN_OBJC_LITERAL_CONVERSION = YES;
				CLANG_WARN_OBJC_ROOT_CLASS = YES_ERROR;
				CLANG_WARN_QUOTED_INCLUDE_IN_FRAMEWORK_HEADER = YES;
				CLANG_WARN_RANGE_LOOP_ANALYSIS = YES;
				CLANG_WARN_STRICT_PROTOTYPES = YES;
				CLANG_WARN_SUSPICIOUS_MOVE = YES;
				CLANG_WARN_UNGUARDED_AVAILABILITY = YES_AGGRESSIVE;
				CLANG_WARN_UNREACHABLE_CODE = YES;
				CLANG_WARN__DUPLICATE_METHOD_MATCH = YES;
				COPY_PHASE_STRIP = NO;
				DEBUG_INFORMATION_FORMAT = "dwarf-with-dsym";
				ENABLE_NS_ASSERTIONS = NO;
				ENABLE_STRICT_OBJC_MSGSEND = YES;
				ENABLE_USER_SCRIPT_SANDBOXING = YES;
				GCC_C_LANGUAGE_STANDARD = gnu17;
				GCC_NO_COMMON_BLOCKS = YES;
				GCC_WARN_64_TO_32_BIT_CONVERSION = YES;
				GCC_WARN_ABOUT_RETURN_TYPE = YES_ERROR;
				GCC_WARN_UNDECLARED_SELECTOR = YES;
				GCC_WARN_UNINITIALIZED_AUTOS = YES_AGGRESSIVE;
				GCC_WARN_UNUSED_FUNCTION = YES;
				GCC_WARN_UNUSED_VARIABLE = YES;
				LOCALIZATION_PREFERS_STRING_CATALOGS = YES;
				MTL_ENABLE_DEBUG_INFO = NO;
				MTL_FAST_MATH = YES;
				SWIFT_COMPILATION_MODE = wholemodule;
			};
			name = Release;
		};
		D025B87E2D501422002F33BC /* Debug */ = {
			isa = XCBuildConfiguration;
			buildSettings = {
				ASSETCATALOG_COMPILER_APPICON_NAME = AppIcon;
				ASSETCATALOG_COMPILER_GLOBAL_ACCENT_COLOR_NAME = AccentColor;
				CODE_SIGN_ENTITLEMENTS = "66 App/_6_App.entitlements";
				CODE_SIGN_STYLE = Automatic;
				CURRENT_PROJECT_VERSION = 1;
				DEVELOPMENT_ASSET_PATHS = "\"66 App/Preview Content\"";
				DEVELOPMENT_TEAM = 2GSW2W5RX4;
				ENABLE_HARDENED_RUNTIME = YES;
				ENABLE_PREVIEWS = YES;
				GENERATE_INFOPLIST_FILE = YES;
				"INFOPLIST_KEY_UIApplicationSceneManifest_Generation[sdk=iphoneos*]" = YES;
				"INFOPLIST_KEY_UIApplicationSceneManifest_Generation[sdk=iphonesimulator*]" = YES;
				"INFOPLIST_KEY_UIApplicationSupportsIndirectInputEvents[sdk=iphoneos*]" = YES;
				"INFOPLIST_KEY_UIApplicationSupportsIndirectInputEvents[sdk=iphonesimulator*]" = YES;
				"INFOPLIST_KEY_UILaunchScreen_Generation[sdk=iphoneos*]" = YES;
				"INFOPLIST_KEY_UILaunchScreen_Generation[sdk=iphonesimulator*]" = YES;
				"INFOPLIST_KEY_UIStatusBarStyle[sdk=iphoneos*]" = UIStatusBarStyleDefault;
				"INFOPLIST_KEY_UIStatusBarStyle[sdk=iphonesimulator*]" = UIStatusBarStyleDefault;
				INFOPLIST_KEY_UISupportedInterfaceOrientations_iPad = "UIInterfaceOrientationPortrait UIInterfaceOrientationPortraitUpsideDown UIInterfaceOrientationLandscapeLeft UIInterfaceOrientationLandscapeRight";
				INFOPLIST_KEY_UISupportedInterfaceOrientations_iPhone = "UIInterfaceOrientationPortrait UIInterfaceOrientationLandscapeLeft UIInterfaceOrientationLandscapeRight";
				IPHONEOS_DEPLOYMENT_TARGET = 17.5;
				LD_RUNPATH_SEARCH_PATHS = "@executable_path/Frameworks";
				"LD_RUNPATH_SEARCH_PATHS[sdk=macosx*]" = "@executable_path/../Frameworks";
				MACOSX_DEPLOYMENT_TARGET = 14.4;
				MARKETING_VERSION = 1.0;
				PRODUCT_BUNDLE_IDENTIFIER = "PeterLabs.-6-App";
				PRODUCT_NAME = "$(TARGET_NAME)";
				SDKROOT = auto;
				SUPPORTED_PLATFORMS = "iphoneos iphonesimulator macosx";
				SWIFT_EMIT_LOC_STRINGS = YES;
				SWIFT_VERSION = 5.0;
				TARGETED_DEVICE_FAMILY = "1,2";
			};
			name = Debug;
		};
		D025B87F2D501422002F33BC /* Release */ = {
			isa = XCBuildConfiguration;
			buildSettings = {
				ASSETCATALOG_COMPILER_APPICON_NAME = AppIcon;
				ASSETCATALOG_COMPILER_GLOBAL_ACCENT_COLOR_NAME = AccentColor;
				CODE_SIGN_ENTITLEMENTS = "66 App/_6_App.entitlements";
				CODE_SIGN_STYLE = Automatic;
				CURRENT_PROJECT_VERSION = 1;
				DEVELOPMENT_ASSET_PATHS = "\"66 App/Preview Content\"";
				DEVELOPMENT_TEAM = 2GSW2W5RX4;
				ENABLE_HARDENED_RUNTIME = YES;
				ENABLE_PREVIEWS = YES;
				GENERATE_INFOPLIST_FILE = YES;
				"INFOPLIST_KEY_UIApplicationSceneManifest_Generation[sdk=iphoneos*]" = YES;
				"INFOPLIST_KEY_UIApplicationSceneManifest_Generation[sdk=iphonesimulator*]" = YES;
				"INFOPLIST_KEY_UIApplicationSupportsIndirectInputEvents[sdk=iphoneos*]" = YES;
				"INFOPLIST_KEY_UIApplicationSupportsIndirectInputEvents[sdk=iphonesimulator*]" = YES;
				"INFOPLIST_KEY_UILaunchScreen_Generation[sdk=iphoneos*]" = YES;
				"INFOPLIST_KEY_UILaunchScreen_Generation[sdk=iphonesimulator*]" = YES;
				"INFOPLIST_KEY_UIStatusBarStyle[sdk=iphoneos*]" = UIStatusBarStyleDefault;
				"INFOPLIST_KEY_UIStatusBarStyle[sdk=iphonesimulator*]" = UIStatusBarStyleDefault;
				INFOPLIST_KEY_UISupportedInterfaceOrientations_iPad = "UIInterfaceOrientationPortrait UIInterfaceOrientationPortraitUpsideDown UIInterfaceOrientationLandscapeLeft UIInterfaceOrientationLandscapeRight";
				INFOPLIST_KEY_UISupportedInterfaceOrientations_iPhone = "UIInterfaceOrientationPortrait UIInterfaceOrientationLandscapeLeft UIInterfaceOrientationLandscapeRight";
				IPHONEOS_DEPLOYMENT_TARGET = 17.5;
				LD_RUNPATH_SEARCH_PATHS = "@executable_path/Frameworks";
				"LD_RUNPATH_SEARCH_PATHS[sdk=macosx*]" = "@executable_path/../Frameworks";
				MACOSX_DEPLOYMENT_TARGET = 14.4;
				MARKETING_VERSION = 1.0;
				PRODUCT_BUNDLE_IDENTIFIER = "PeterLabs.-6-App";
				PRODUCT_NAME = "$(TARGET_NAME)";
				SDKROOT = auto;
				SUPPORTED_PLATFORMS = "iphoneos iphonesimulator macosx";
				SWIFT_EMIT_LOC_STRINGS = YES;
				SWIFT_VERSION = 5.0;
				TARGETED_DEVICE_FAMILY = "1,2";
			};
			name = Release;
		};
/* End XCBuildConfiguration section */

/* Begin XCConfigurationList section */
		D025B8692D501420002F33BC /* Build configuration list for PBXProject "66 App" */ = {
			isa = XCConfigurationList;
			buildConfigurations = (
				D025B87B2D501422002F33BC /* Debug */,
				D025B87C2D501422002F33BC /* Release */,
			);
			defaultConfigurationIsVisible = 0;
			defaultConfigurationName = Release;
		};
		D025B87D2D501422002F33BC /* Build configuration list for PBXNativeTarget "66 App" */ = {
			isa = XCConfigurationList;
			buildConfigurations = (
				D025B87E2D501422002F33BC /* Debug */,
				D025B87F2D501422002F33BC /* Release */,
			);
			defaultConfigurationIsVisible = 0;
			defaultConfigurationName = Release;
		};
/* End XCConfigurationList section */

/* Begin XCRemoteSwiftPackageReference section */
		D025B8802D501554002F33BC /* XCRemoteSwiftPackageReference "supabase-swift" */ = {
			isa = XCRemoteSwiftPackageReference;
			repositoryURL = "https://github.com/supabase-community/supabase-swift.git";
			requirement = {
				kind = upToNextMajorVersion;
				minimumVersion = 2.5.1;
			};
		};
		D025B8982D501AEA002F33BC /* XCRemoteSwiftPackageReference "gotrue-swift" */ = {
			isa = XCRemoteSwiftPackageReference;
			repositoryURL = "https://github.com/supabase/gotrue-swift";
			requirement = {
				kind = upToNextMajorVersion;
				minimumVersion = 1.3.0;
			};
		};
/* End XCRemoteSwiftPackageReference section */

/* Begin XCSwiftPackageProductDependency section */
		D025B8812D501554002F33BC /* Auth */ = {
			isa = XCSwiftPackageProductDependency;
			package = D025B8802D501554002F33BC /* XCRemoteSwiftPackageReference "supabase-swift" */;
			productName = Auth;
		};
		D025B8832D501554002F33BC /* Functions */ = {
			isa = XCSwiftPackageProductDependency;
			package = D025B8802D501554002F33BC /* XCRemoteSwiftPackageReference "supabase-swift" */;
			productName = Functions;
		};
		D025B8852D501554002F33BC /* PostgREST */ = {
			isa = XCSwiftPackageProductDependency;
			package = D025B8802D501554002F33BC /* XCRemoteSwiftPackageReference "supabase-swift" */;
			productName = PostgREST;
		};
		D025B8872D501554002F33BC /* Realtime */ = {
			isa = XCSwiftPackageProductDependency;
			package = D025B8802D501554002F33BC /* XCRemoteSwiftPackageReference "supabase-swift" */;
			productName = Realtime;
		};
		D025B8892D501554002F33BC /* Storage */ = {
			isa = XCSwiftPackageProductDependency;
			package = D025B8802D501554002F33BC /* XCRemoteSwiftPackageReference "supabase-swift" */;
			productName = Storage;
		};
		D025B88B2D501554002F33BC /* Supabase */ = {
			isa = XCSwiftPackageProductDependency;
			package = D025B8802D501554002F33BC /* XCRemoteSwiftPackageReference "supabase-swift" */;
			productName = Supabase;
		};
		D025B8992D501AEA002F33BC /* GoTrue */ = {
			isa = XCSwiftPackageProductDependency;
			package = D025B8982D501AEA002F33BC /* XCRemoteSwiftPackageReference "gotrue-swift" */;
			productName = GoTrue;
		};
/* End XCSwiftPackageProductDependency section */
	};
	rootObject = D025B8662D501420002F33BC /* Project object */;
}
